{
  "requires": true,
  "lockfileVersion": 1,
  "dependencies": {
    "zdog": {
      "version": "1.1.1",
      "resolved": "https://registry.npmjs.org/zdog/-/zdog-1.1.1.tgz",
      "integrity": "sha512-e6xvLe4nURPsrOYmNWY35DRHJ13O3W/VnucRJDlq/3bvcv7E4/OW68VWUIXLBTJxeuR8K7JC4yEU1MYyopFXDQ=="
    }
  }
}
